{
  "name": "reportWebDesign",
  "version": "1.0.0",
  "lockfileVersion": 1,
  "requires": true,
  "dependencies": {
    "@types/jquery": {
      "version": "3.3.2",
      "resolved": "https://registry.npmjs.org/@types/jquery/-/jquery-3.3.2.tgz",
      "integrity": "sha512-ByZwKSEqteAta4VrIalqGJZmMq9lWPD3H3f5Xs6RR8B7zQRDPGUtjoKBYNtKTz/7LgBEQMdlxVbbjQfUaEIItA=="
    },
    "avalon2": {
      "version": "2.2.10",
      "resolved": "https://registry.npmjs.org/avalon2/-/avalon2-2.2.10.tgz",
      "integrity": "sha512-a/Ty8ygA1knuZtEiAs4ew6+8+Nl52Ae0XPCAzy1hFZDxyFnT/s2YxxJnT7ZtEYkenYOXIk/jqSU4K4sWH4E9Uw=="
    },
    "jquery": {
      "version": "3.3.1",
      "resolved": "https://registry.npmjs.org/jquery/-/jquery-3.3.1.tgz",
      "integrity": "sha512-Ubldcmxp5np52/ENotGxlLe6aGMvmF4R8S6tZjsP6Knsaxd/xp3Zrh50cG93lR6nPXyUFwzN3ZSOQI0wRJNdGg=="
    },
    "typescript": {
      "version": "2.8.3",
      "resolved": "https://registry.npmjs.org/typescript/-/typescript-2.8.3.tgz",
      "integrity": "sha512-K7g15Bb6Ra4lKf7Iq2l/I5/En+hLIHmxWZGq3D4DIRNFxMNV6j2SHSvDOqs2tGd4UvD/fJvrwopzQXjLrT7Itw=="
    },
    "ztree": {
      "version": "3.5.24",
      "resolved": "https://registry.npmjs.org/ztree/-/ztree-3.5.24.tgz",
      "integrity": "sha1-tj/lKYH98sMpZ1z9J3Lw0UdSH/E=",
      "requires": {
        "jquery": ">=1.4.4"
      }
    }
  }
}
